
Microsoft Visual Studio Solution File, Format Version 12.00
# Visual Studio Version 17
VisualStudioVersion = 17.14.36511.14
MinimumVisualStudioVersion = 10.0.40219.1
Project("{2150E333-8FDC-42A3-9474-1A3956D46DE8}") = "src", "src", "{02EA681E-C7D8-13C7-8484-4AC65E1B71E8}"
EndProject
Project("{2150E333-8FDC-42A3-9474-1A3956D46DE8}") = "demo", "demo", "{44585F54-0C15-4D8C-9298-26A43207F137}"
EndProject
Project("{FAE04EC0-301F-11D3-BF4B-00C04F79EFBC}") = "Masasamjant.Web", "Masasamjant.Web\Masasamjant.Web.csproj", "{C3D4ECF3-BB4B-4477-8E8E-9AD5B3F321C8}"
EndProject
Project("{FAE04EC0-301F-11D3-BF4B-00C04F79EFBC}") = "Masasamjant.Web.Api", "Masasamjant.Web.Api\Masasamjant.Web.Api.csproj", "{69E6DDC4-A996-4E29-90CA-061F52A3B9F9}"
EndProject
Project("{FAE04EC0-301F-11D3-BF4B-00C04F79EFBC}") = "Masasamjant.Web.Mvc", "Masasamjant.Web.Mvc\Masasamjant.Web.Mvc.csproj", "{648DAE42-C237-462E-BD4A-8A00DB1081CB}"
EndProject
Project("{FAE04EC0-301F-11D3-BF4B-00C04F79EFBC}") = "Masasamjant.Web.Http", "Masasamjant.Web.Http\Masasamjant.Web.Http.csproj", "{AB2A31DB-D199-4688-A3E9-BFF396ECE2C7}"
EndProject
Global
	GlobalSection(SolutionConfigurationPlatforms) = preSolution
		Debug|Any CPU = Debug|Any CPU
		Release|Any CPU = Release|Any CPU
	EndGlobalSection
	GlobalSection(ProjectConfigurationPlatforms) = postSolution
		{C3D4ECF3-BB4B-4477-8E8E-9AD5B3F321C8}.Debug|Any CPU.ActiveCfg = Debug|Any CPU
		{C3D4ECF3-BB4B-4477-8E8E-9AD5B3F321C8}.Debug|Any CPU.Build.0 = Debug|Any CPU
		{C3D4ECF3-BB4B-4477-8E8E-9AD5B3F321C8}.Release|Any CPU.ActiveCfg = Release|Any CPU
		{C3D4ECF3-BB4B-4477-8E8E-9AD5B3F321C8}.Release|Any CPU.Build.0 = Release|Any CPU
		{69E6DDC4-A996-4E29-90CA-061F52A3B9F9}.Debug|Any CPU.ActiveCfg = Debug|Any CPU
		{69E6DDC4-A996-4E29-90CA-061F52A3B9F9}.Debug|Any CPU.Build.0 = Debug|Any CPU
		{69E6DDC4-A996-4E29-90CA-061F52A3B9F9}.Release|Any CPU.ActiveCfg = Release|Any CPU
		{69E6DDC4-A996-4E29-90CA-061F52A3B9F9}.Release|Any CPU.Build.0 = Release|Any CPU
		{648DAE42-C237-462E-BD4A-8A00DB1081CB}.Debug|Any CPU.ActiveCfg = Debug|Any CPU
		{648DAE42-C237-462E-BD4A-8A00DB1081CB}.Debug|Any CPU.Build.0 = Debug|Any CPU
		{648DAE42-C237-462E-BD4A-8A00DB1081CB}.Release|Any CPU.ActiveCfg = Release|Any CPU
		{648DAE42-C237-462E-BD4A-8A00DB1081CB}.Release|Any CPU.Build.0 = Release|Any CPU
		{AB2A31DB-D199-4688-A3E9-BFF396ECE2C7}.Debug|Any CPU.ActiveCfg = Debug|Any CPU
		{AB2A31DB-D199-4688-A3E9-BFF396ECE2C7}.Debug|Any CPU.Build.0 = Debug|Any CPU
		{AB2A31DB-D199-4688-A3E9-BFF396ECE2C7}.Release|Any CPU.ActiveCfg = Release|Any CPU
		{AB2A31DB-D199-4688-A3E9-BFF396ECE2C7}.Release|Any CPU.Build.0 = Release|Any CPU
	EndGlobalSection
	GlobalSection(SolutionProperties) = preSolution
		HideSolutionNode = FALSE
	EndGlobalSection
	GlobalSection(NestedProjects) = preSolution
		{C3D4ECF3-BB4B-4477-8E8E-9AD5B3F321C8} = {02EA681E-C7D8-13C7-8484-4AC65E1B71E8}
		{69E6DDC4-A996-4E29-90CA-061F52A3B9F9} = {02EA681E-C7D8-13C7-8484-4AC65E1B71E8}
		{648DAE42-C237-462E-BD4A-8A00DB1081CB} = {02EA681E-C7D8-13C7-8484-4AC65E1B71E8}
		{AB2A31DB-D199-4688-A3E9-BFF396ECE2C7} = {02EA681E-C7D8-13C7-8484-4AC65E1B71E8}
	EndGlobalSection
	GlobalSection(ExtensibilityGlobals) = postSolution
		SolutionGuid = {17ECAE35-D025-4AB9-AF07-CEBDE9120A7E}
	EndGlobalSection
EndGlobal
